archstatus-git r58.aeaf4af-1
aria2 1.37.0-2
base 3-3
base-devel 1-2
bat 0.26.1-2
bitwarden-cli 2026.2.0-1
bluez 5.86-5
bluez-utils 5.86-5
brightnessctl 0.5.1-3
btop 1.4.6-2
carapace 1.6.4-1
cava 0.10.7-1
chafa 1.18.1-1
clipse 1.2.1-1
ddrescue 1.30-2
devtools 1:1.5.0-1
difftastic 0.68.0-1
dkms 3.4.0-1
doasedit 0.7-1
downgrade 12.0.1-1
dunst 1.13.2-1
dust 1.2.4-2
egl-wayland 4:1.1.21-1
execstack 20130503-10
exfatprogs 1.3.2-1
fastfetch 2.62.1-1
fcron 3.4.0-2
fd 10.4.2-2
fzf 0.71.0-1
ghostty 1.3.1-2
git 2.54.0-1
glmark2 2023.01-2
gomplate-bin 5.0.0-1
grub 2:2.14-1
gtrash 0.0.6-2
hypridle 0.1.7-8
hyprland 0.54.3-2
hyprlock 0.9.5-1
hyprpaper 0.8.3-4
hyprpolkitagent 0.1.3-6
hyprsunset 0.3.3-6
icat 0.5-2
imagemagick 7.1.2.21-1
kitty 0.46.2-1
less 1:692-1
lib32-libxcursor 1.2.3-1
lib32-libxi 1.8.2-1
lib32-libxrandr 1.5.5-1
lib32-libxrender 0.9.11-2
lib32-vulkan-intel 1:26.0.5-1
libdvdcss 1.5.0-1
libnotify 0.8.8-1
libva 2.23.0-1
linux 6.19.14.arch1-1
linux-firmware 20260410-1
linux-firmware-nvidia 20260410-1
linux-headers 6.19.14.arch1-1
lsb-release 2.0.r55.a25a4fc-1
lutris 0.5.22-1
ly 1.3.2-1
man-db 2.13.1-1
man-pages 6.18-1
mangohud 0.8.2-3
mesa-demos 9.0.0-7
mesa-utils 9.0.0-7
mpv 1:0.41.0-3
ncpamixer 1.3.10-1
neovim-nightly-bin 0.13.0+dev+321+gf83d0b9653-1
networkmanager 1.56.0-1
npm 11.13.0-1
ntfs-3g 2022.10.3-2
nushell 0.112.2-1
nvtop 3.3.2-1
opendoas 6.8.2-3
paru 2.1.0-2
paru-debug 2.1.0-2
pdfjs-legacy 5.6.205-1
perl-image-exiftool 13.55-1
pipewire-alsa 1:1.6.4-1
pipewire-jack 1:1.6.4-1
protonplus 0.5.20-1
python-adblock 0.6.0-5
python-poetry 2.3.4-1
qt5-wayland 5.15.18+kde+r55-1
qt5ct 1.9-1
qutebrowser 3.7.0-1
rclone 1.73.5-1
reflector 2023-5
ripgrep 15.1.0-2
rtorrent 0.16.10-1
socat 1.8.1.1-1
starship 1.25.0-1
steam 1.0.0.85-6
sudo 1.9.17.p2-2
superfile 1.5.0-1
tmux 3.6_a-1
ttf-amiri 1.003-1
ttf-fluent-emoji 0.8.5-2
ttf-jetbrains-mono 2.304-2
ttf-jetbrains-mono-nerd 3.4.0-2
vivid 0.11.1-1
vulkan-intel 1:26.0.5-1
vulkan-swrast 1:26.0.5-1
vulkan-tools 1.4.341.0-2
waybar 0.15.0-2
wine 11.7-1
wine-gecko 2.47.4-2
wine-mono 11.0.0-1
winetricks 20260125-1
wl-clipboard 1:2.3.0-1
xf86-video-intel 1:2.99.917+939+g4a64400e-1
xorg-xinit 1.4.4-1
zen-browser-bin 1.19.9b-1
zoxide 0.9.9-2
